
Microsoft Visual Studio Solution File, Format Version 12.00
# Visual Studio Version 17
VisualStudioVersion = 17.0.31903.59
MinimumVisualStudioVersion = 10.0.40219.1
Project("{9A19103F-16F7-4668-BE54-9A1E7A4F7556}") = "API", "API\API.csproj", "{F0F05A6D-BEC0-4AFB-B80C-011E578C0A68}"
EndProject
Project("{9A19103F-16F7-4668-BE54-9A1E7A4F7556}") = "Application", "Application\Application.csproj", "{2EAA2FEC-2251-4346-A4D8-EA599BAB09F4}"
EndProject
Project("{9A19103F-16F7-4668-BE54-9A1E7A4F7556}") = "Domain", "Domain\Domain.csproj", "{C1CF7000-8B76-4A2C-B836-B26B655A6FFC}"
EndProject
Project("{9A19103F-16F7-4668-BE54-9A1E7A4F7556}") = "Persistence", "Persistence\Persistence.csproj", "{49462AD4-57AE-4CF7-8CF5-AEAE68772998}"
EndProject
Project("{FAE04EC0-301F-11D3-BF4B-00C04F79EFBC}") = "Infrastructure", "Infrastructure\Infrastructure.csproj", "{ACAAAC7D-ED10-43EB-9258-15F57590EAE5}"
EndProject
Global
	GlobalSection(SolutionConfigurationPlatforms) = preSolution
		Debug|Any CPU = Debug|Any CPU
		Release|Any CPU = Release|Any CPU
	EndGlobalSection
	GlobalSection(ProjectConfigurationPlatforms) = postSolution
		{F0F05A6D-BEC0-4AFB-B80C-011E578C0A68}.Debug|Any CPU.ActiveCfg = Debug|Any CPU
		{F0F05A6D-BEC0-4AFB-B80C-011E578C0A68}.Debug|Any CPU.Build.0 = Debug|Any CPU
		{F0F05A6D-BEC0-4AFB-B80C-011E578C0A68}.Release|Any CPU.ActiveCfg = Release|Any CPU
		{F0F05A6D-BEC0-4AFB-B80C-011E578C0A68}.Release|Any CPU.Build.0 = Release|Any CPU
		{2EAA2FEC-2251-4346-A4D8-EA599BAB09F4}.Debug|Any CPU.ActiveCfg = Debug|Any CPU
		{2EAA2FEC-2251-4346-A4D8-EA599BAB09F4}.Debug|Any CPU.Build.0 = Debug|Any CPU
		{2EAA2FEC-2251-4346-A4D8-EA599BAB09F4}.Release|Any CPU.ActiveCfg = Release|Any CPU
		{2EAA2FEC-2251-4346-A4D8-EA599BAB09F4}.Release|Any CPU.Build.0 = Release|Any CPU
		{C1CF7000-8B76-4A2C-B836-B26B655A6FFC}.Debug|Any CPU.ActiveCfg = Debug|Any CPU
		{C1CF7000-8B76-4A2C-B836-B26B655A6FFC}.Debug|Any CPU.Build.0 = Debug|Any CPU
		{C1CF7000-8B76-4A2C-B836-B26B655A6FFC}.Release|Any CPU.ActiveCfg = Release|Any CPU
		{C1CF7000-8B76-4A2C-B836-B26B655A6FFC}.Release|Any CPU.Build.0 = Release|Any CPU
		{49462AD4-57AE-4CF7-8CF5-AEAE68772998}.Debug|Any CPU.ActiveCfg = Debug|Any CPU
		{49462AD4-57AE-4CF7-8CF5-AEAE68772998}.Debug|Any CPU.Build.0 = Debug|Any CPU
		{49462AD4-57AE-4CF7-8CF5-AEAE68772998}.Release|Any CPU.ActiveCfg = Release|Any CPU
		{49462AD4-57AE-4CF7-8CF5-AEAE68772998}.Release|Any CPU.Build.0 = Release|Any CPU
		{ACAAAC7D-ED10-43EB-9258-15F57590EAE5}.Debug|Any CPU.ActiveCfg = Debug|Any CPU
		{ACAAAC7D-ED10-43EB-9258-15F57590EAE5}.Debug|Any CPU.Build.0 = Debug|Any CPU
		{ACAAAC7D-ED10-43EB-9258-15F57590EAE5}.Release|Any CPU.ActiveCfg = Release|Any CPU
		{ACAAAC7D-ED10-43EB-9258-15F57590EAE5}.Release|Any CPU.Build.0 = Release|Any CPU
	EndGlobalSection
	GlobalSection(SolutionProperties) = preSolution
		HideSolutionNode = FALSE
	EndGlobalSection
	GlobalSection(ExtensibilityGlobals) = postSolution
		SolutionGuid = {C16C4D2C-DEAA-4099-AACF-DCAA518D08AC}
	EndGlobalSection
EndGlobal
